
Microsoft Visual Studio Solution File, Format Version 12.00
# Visual Studio Version 16
VisualStudioVersion = 16.0.31613.86
MinimumVisualStudioVersion = 10.0.40219.1
Project("{FAE04EC0-301F-11D3-BF4B-00C04F79EFBC}") = "Nev-Gyaqr", "Nev-Gyaqr\Nev-Gyaqr.csproj", "{699ADDDF-43E9-457A-BEEA-3C0CD3714A2B}"
EndProject
Global
	GlobalSection(SolutionConfigurationPlatforms) = preSolution
		Debug|Any CPU = Debug|Any CPU
		Release|Any CPU = Release|Any CPU
	EndGlobalSection
	GlobalSection(ProjectConfigurationPlatforms) = postSolution
		{699ADDDF-43E9-457A-BEEA-3C0CD3714A2B}.Debug|Any CPU.ActiveCfg = Debug|Any CPU
		{699ADDDF-43E9-457A-BEEA-3C0CD3714A2B}.Debug|Any CPU.Build.0 = Debug|Any CPU
		{699ADDDF-43E9-457A-BEEA-3C0CD3714A2B}.Release|Any CPU.ActiveCfg = Release|Any CPU
		{699ADDDF-43E9-457A-BEEA-3C0CD3714A2B}.Release|Any CPU.Build.0 = Release|Any CPU
	EndGlobalSection
	GlobalSection(SolutionProperties) = preSolution
		HideSolutionNode = FALSE
	EndGlobalSection
	GlobalSection(ExtensibilityGlobals) = postSolution
		SolutionGuid = {6DD34737-3BCE-4B8C-AC35-E2D7FD7F561A}
	EndGlobalSection
EndGlobal
