
Microsoft Visual Studio Solution File, Format Version 12.00
# Visual Studio Version 16
VisualStudioVersion = 16.0.31613.86
MinimumVisualStudioVersion = 10.0.40219.1
Project("{FAE04EC0-301F-11D3-BF4B-00C04F79EFBC}") = "gyaradatok", "gyaradatok\gyaradatok.csproj", "{4AD16684-5305-43BF-9DA5-03A082DDF2E9}"
EndProject
Global
	GlobalSection(SolutionConfigurationPlatforms) = preSolution
		Debug|Any CPU = Debug|Any CPU
		Release|Any CPU = Release|Any CPU
	EndGlobalSection
	GlobalSection(ProjectConfigurationPlatforms) = postSolution
		{4AD16684-5305-43BF-9DA5-03A082DDF2E9}.Debug|Any CPU.ActiveCfg = Debug|Any CPU
		{4AD16684-5305-43BF-9DA5-03A082DDF2E9}.Debug|Any CPU.Build.0 = Debug|Any CPU
		{4AD16684-5305-43BF-9DA5-03A082DDF2E9}.Release|Any CPU.ActiveCfg = Release|Any CPU
		{4AD16684-5305-43BF-9DA5-03A082DDF2E9}.Release|Any CPU.Build.0 = Release|Any CPU
	EndGlobalSection
	GlobalSection(SolutionProperties) = preSolution
		HideSolutionNode = FALSE
	EndGlobalSection
	GlobalSection(ExtensibilityGlobals) = postSolution
		SolutionGuid = {9EF72278-7ECB-4E74-B51C-1E6F04D97077}
	EndGlobalSection
EndGlobal
