
Microsoft Visual Studio Solution File, Format Version 12.00
# Visual Studio Version 16
VisualStudioVersion = 16.0.31613.86
MinimumVisualStudioVersion = 10.0.40219.1
Project("{FAE04EC0-301F-11D3-BF4B-00C04F79EFBC}") = "SQLProgram", "SQLProgram\SQLProgram.csproj", "{C632774B-08F6-4FC6-B090-2E5746648EA0}"
EndProject
Global
	GlobalSection(SolutionConfigurationPlatforms) = preSolution
		Debug|Any CPU = Debug|Any CPU
		Release|Any CPU = Release|Any CPU
	EndGlobalSection
	GlobalSection(ProjectConfigurationPlatforms) = postSolution
		{C632774B-08F6-4FC6-B090-2E5746648EA0}.Debug|Any CPU.ActiveCfg = Debug|Any CPU
		{C632774B-08F6-4FC6-B090-2E5746648EA0}.Debug|Any CPU.Build.0 = Debug|Any CPU
		{C632774B-08F6-4FC6-B090-2E5746648EA0}.Release|Any CPU.ActiveCfg = Release|Any CPU
		{C632774B-08F6-4FC6-B090-2E5746648EA0}.Release|Any CPU.Build.0 = Release|Any CPU
	EndGlobalSection
	GlobalSection(SolutionProperties) = preSolution
		HideSolutionNode = FALSE
	EndGlobalSection
	GlobalSection(ExtensibilityGlobals) = postSolution
		SolutionGuid = {99343E04-6384-4D9A-B574-D79B7E8CBF4B}
	EndGlobalSection
EndGlobal
